PODS:
  - Adiscope (4.4.0)
  - Flutter (1.0.0)
  - integration_test (0.0.1):
    - Flutter
  - tnk_rwd_n_vad (0.0.1):
    - Adiscope (= 4.4.0)
    - Flutter

DEPENDENCIES:
  - Flutter (from `Flutter`)
  - integration_test (from `.symlinks/plugins/integration_test/ios`)
  - tnk_rwd_n_vad (from `.symlinks/plugins/tnk_rwd_n_vad/ios`)

SPEC REPOS:
  trunk:
    - Adiscope

EXTERNAL SOURCES:
  Flutter:
    :path: Flutter
  integration_test:
    :path: ".symlinks/plugins/integration_test/ios"
  tnk_rwd_n_vad:
    :path: ".symlinks/plugins/tnk_rwd_n_vad/ios"

SPEC CHECKSUMS:
  Adiscope: 17b2c846875a7893746d0bc7391bebf02b06e407
  Flutter: e0871f40cf51350855a761d2e70bf5af5b9b5de7
  integration_test: 252f60fa39af5e17c3aa9899d35d908a0721b573
  tnk_rwd_n_vad: 423108247c6d1eb8019838278ee136079cd775fc

PODFILE CHECKSUM: 4305caec6b40dde0ae97be1573c53de1882a07e5

COCOAPODS: 1.15.2
